{
  "name": "talk",
  "version": "0.0.1",
  "lockfileVersion": 3,
  "requires": true,
  "packages": {
    "": {
      "name": "talk",
      "version": "0.0.1",
      "license": "GPL-3.0-or-later",
      "dependencies": {
        "@openai/realtime-api-beta": "github:openai/openai-realtime-api-beta"
      }
    },
    "node_modules/@openai/realtime-api-beta": {
      "version": "0.0.0",
      "resolved": "git+ssh://git@github.com/openai/openai-realtime-api-beta.git#37fefd76b66624aeb828865f2fc9e3204b2b11e0",
      "license": "MIT",
      "dependencies": {
        "ws": "^8.18.0"
      }
    },
    "node_modules/ws": {
      "version": "8.18.0",
      "resolved": "https://registry.npmjs.org/ws/-/ws-8.18.0.tgz",
      "integrity": "sha512-8VbfWfHLbbwu3+N6OKsOMpBdT4kXPDDB9cJk2bJ6mh9ucxdlnNvH1e+roYkKmN9Nxw2yjz7VzeO9oOz2zJ04Pw==",
      "license": "MIT",
      "engines": {
        "node": ">=10.0.0"
      },
      "peerDependencies": {
        "bufferutil": "^4.0.1",
        "utf-8-validate": ">=5.0.2"
      },
      "peerDependenciesMeta": {
        "bufferutil": {
          "optional": true
        },
        "utf-8-validate": {
          "optional": true
        }
      }
    }
  }
}
