{
  "name": "map",
  "lockfileVersion": 3,
  "requires": true,
  "packages": {
    "": {
      "dependencies": {
        "@openglobus/og": "^0.20.4"
      }
    },
    "node_modules/@openglobus/og": {
      "version": "0.20.4",
      "resolved": "https://registry.npmjs.org/@openglobus/og/-/og-0.20.4.tgz",
      "integrity": "sha512-BjelLwK+3zGd4tzB1OWg5KGaxCSox3kqqY7lANJBzqVdqcx6w9fYJR0bXT3L9t0LsQEwv1UIcWcA+ajtiX80lw==",
      "license": "MIT"
    }
  }
}
