{
  "name": "map",
  "lockfileVersion": 3,
  "requires": true,
  "packages": {
    "": {
      "dependencies": {
        "@openglobus/og": "^0.18.5"
      }
    },
    "node_modules/@openglobus/og": {
      "version": "0.18.5",
      "resolved": "https://registry.npmjs.org/@openglobus/og/-/og-0.18.5.tgz",
      "integrity": "sha512-SdkPRvObbI0FaKVkG2Pl0mPcP7Y4K1Nhv7mYzP3mqYGviGTQzLdy/rit4Lkb54OUD5pRbhw0i2GyT5OLjgTUNw=="
    }
  }
}
