{
  "name": "moon-map",
  "lockfileVersion": 3,
  "requires": true,
  "packages": {
    "": {
      "dependencies": {
        "@openglobus/og": "^0.22.0"
      }
    },
    "node_modules/@openglobus/og": {
      "version": "0.22.0",
      "resolved": "https://registry.npmjs.org/@openglobus/og/-/og-0.22.0.tgz",
      "integrity": "sha512-jFDvCq9F5kj6G7N/F6stoTGDzqFb+jjGus7gaA58O2EI4PbSR+Keehf4x3hdmP2nsDZOi4IcLMCr3JbP8EPb+Q==",
      "license": "MIT"
    }
  }
}
